
Microsoft Visual Studio Solution File, Format Version 12.00
# Visual Studio 14
VisualStudioVersion = 14.0.25420.1
MinimumVisualStudioVersion = 10.0.40219.1
Project("{2150E333-8FDC-42A3-9474-1A3956D46DE8}") = "src", "src", "{AB5E3169-39FF-4899-AA56-D59422B0B121}"
EndProject
Project("{2150E333-8FDC-42A3-9474-1A3956D46DE8}") = "Solution Items", "Solution Items", "{05CBC3EB-A583-4747-86AF-975480583AD9}"
	ProjectSection(SolutionItems) = preProject
		global.json = global.json
	EndProjectSection
EndProject
Project("{8BB2217D-0F2D-49D1-97BC-3654ED321F3B}") = "ExceptionhandlingDemo", "src\ExceptionhandlingDemo\ExceptionhandlingDemo.xproj", "{19380273-FD84-41B2-8C85-C815310115AA}"
EndProject
Global
	GlobalSection(SolutionConfigurationPlatforms) = preSolution
		Debug|Any CPU = Debug|Any CPU
		Release|Any CPU = Release|Any CPU
	EndGlobalSection
	GlobalSection(ProjectConfigurationPlatforms) = postSolution
		{19380273-FD84-41B2-8C85-C815310115AA}.Debug|Any CPU.ActiveCfg = Debug|Any CPU
		{19380273-FD84-41B2-8C85-C815310115AA}.Debug|Any CPU.Build.0 = Debug|Any CPU
		{19380273-FD84-41B2-8C85-C815310115AA}.Release|Any CPU.ActiveCfg = Release|Any CPU
		{19380273-FD84-41B2-8C85-C815310115AA}.Release|Any CPU.Build.0 = Release|Any CPU
	EndGlobalSection
	GlobalSection(SolutionProperties) = preSolution
		HideSolutionNode = FALSE
	EndGlobalSection
	GlobalSection(NestedProjects) = preSolution
		{19380273-FD84-41B2-8C85-C815310115AA} = {AB5E3169-39FF-4899-AA56-D59422B0B121}
	EndGlobalSection
EndGlobal
